Microsoft Visual Studio Solution File, Format Version 11.00
# Visual Studio 2010
Project("{FAE04EC0-301F-11D3-BF4B-00C04F79EFBC}") = "SideBySideScales", "SideBySideScales\SideBySideScales.csproj", "{25BD143C-B6CA-4421-A7EB-97470D716027}"
EndProject
Project("{FAE04EC0-301F-11D3-BF4B-00C04F79EFBC}") = "SideBySideScales.Web", "SideBySideScales.Web\SideBySideScales.Web.csproj", "{4BB53970-0FC5-4697-B0AE-E051290D5A88}"
EndProject
Global
	GlobalSection(SolutionConfigurationPlatforms) = preSolution
		Debug|Any CPU = Debug|Any CPU
		Release|Any CPU = Release|Any CPU
	EndGlobalSection
	GlobalSection(ProjectConfigurationPlatforms) = postSolution
		{25BD143C-B6CA-4421-A7EB-97470D716027}.Debug|Any CPU.ActiveCfg = Debug|Any CPU
		{25BD143C-B6CA-4421-A7EB-97470D716027}.Debug|Any CPU.Build.0 = Debug|Any CPU
		{25BD143C-B6CA-4421-A7EB-97470D716027}.Release|Any CPU.ActiveCfg = Release|Any CPU
		{25BD143C-B6CA-4421-A7EB-97470D716027}.Release|Any CPU.Build.0 = Release|Any CPU
		{4BB53970-0FC5-4697-B0AE-E051290D5A88}.Debug|Any CPU.ActiveCfg = Debug|Any CPU
		{4BB53970-0FC5-4697-B0AE-E051290D5A88}.Debug|Any CPU.Build.0 = Debug|Any CPU
		{4BB53970-0FC5-4697-B0AE-E051290D5A88}.Release|Any CPU.ActiveCfg = Release|Any CPU
		{4BB53970-0FC5-4697-B0AE-E051290D5A88}.Release|Any CPU.Build.0 = Release|Any CPU
	EndGlobalSection
	GlobalSection(SolutionProperties) = preSolution
		HideSolutionNode = FALSE
	EndGlobalSection
EndGlobal
